// !$*UTF8*$!
{
	archiveVersion = 1;
	classes = {
	};
	objectVersion = 50;
	objects = {

/* Begin PBXBuildFile section */
		E3B0B26C21FBDE9500C6894D /* AppDelegate.swift in Sources */ = {isa = PBXBuildFile; fileRef = E3B0B26B21FBDE9500C6894D /* AppDelegate.swift */; };
		E3B0B26E21FBDE9500C6894D /* ViewController.swift in Sources */ = {isa = PBXBuildFile; fileRef = E3B0B26D21FBDE9500C6894D /* ViewController.swift */; };
		E3B0B27121FBDE9500C6894D /* Main.storyboard in Resources */ = {isa = PBXBuildFile; fileRef = E3B0B26F21FBDE9500C6894D /* Main.storyboard */; };
		E3B0B27421FBDE9500C6894D /* Tasks_Core_Data.xcdatamodeld in Sources */ = {isa = PBXBuildFile; fileRef = E3B0B27221FBDE9500C6894D /* Tasks_Core_Data.xcdatamodeld */; };
		E3B0B27621FBDE9800C6894D /* Assets.xcassets in Resources */ = {isa = PBXBuildFile; fileRef = E3B0B27521FBDE9800C6894D /* Assets.xcassets */; };
		E3B0B27921FBDE9800C6894D /* LaunchScreen.storyboard in Resources */ = {isa = PBXBuildFile; fileRef = E3B0B27721FBDE9800C6894D /* LaunchScreen.storyboard */; };
		E3B0B28421FBDE9800C6894D /* Tasks_Core_DataTests.swift in Sources */ = {isa = PBXBuildFile; fileRef = E3B0B28321FBDE9800C6894D /* Tasks_Core_DataTests.swift */; };
		E3B0B28F21FBDE9800C6894D /* Tasks_Core_DataUITests.swift in Sources */ = {isa = PBXBuildFile; fileRef = E3B0B28E21FBDE9800C6894D /* Tasks_Core_DataUITests.swift */; };
/* End PBXBuildFile section */

/* Begin PBXContainerItemProxy section */
		E3B0B28021FBDE9800C6894D /* PBXContainerItemProxy */ = {
			isa = PBXContainerItemProxy;
			containerPortal = E3B0B26021FBDE9500C6894D /* Project object */;
			proxyType = 1;
			remoteGlobalIDString = E3B0B26721FBDE9500C6894D;
			remoteInfo = "Tasks Core Data";
		};
		E3B0B28B21FBDE9800C6894D /* PBXContainerItemProxy */ = {
			isa = PBXContainerItemProxy;
			containerPortal = E3B0B26021FBDE9500C6894D /* Project object */;
			proxyType = 1;
			remoteGlobalIDString = E3B0B26721FBDE9500C6894D;
			remoteInfo = "Tasks Core Data";
		};
/* End PBXContainerItemProxy section */

/* Begin PBXFileReference section */
		E3B0B26821FBDE9500C6894D /* Tasks Core Data.app */ = {isa = PBXFileReference; explicitFileType = wrapper.application; includeInIndex = 0; path = "Tasks Core Data.app"; sourceTree = BUILT_PRODUCTS_DIR; };
		E3B0B26B21FBDE9500C6894D /* AppDelegate.swift */ = {isa = PBXFileReference; lastKnownFileType = sourcecode.swift; path = AppDelegate.swift; sourceTree = "<group>"; };
		E3B0B26D21FBDE9500C6894D /* ViewController.swift */ = {isa = PBXFileReference; lastKnownFileType = sourcecode.swift; path = ViewController.swift; sourceTree = "<group>"; };
		E3B0B27021FBDE9500C6894D /* Base */ = {isa = PBXFileReference; lastKnownFileType = file.storyboard; name = Base; path = Base.lproj/Main.storyboard; sourceTree = "<group>"; };
		E3B0B27321FBDE9500C6894D /* Tasks_Core_Data.xcdatamodel */ = {isa = PBXFileReference; lastKnownFileType = wrapper.xcdatamodel; path = Tasks_Core_Data.xcdatamodel; sourceTree = "<group>"; };
		E3B0B27521FBDE9800C6894D /* Assets.xcassets */ = {isa = PBXFileReference; lastKnownFileType = folder.assetcatalog; path = Assets.xcassets; sourceTree = "<group>"; };
		E3B0B27821FBDE9800C6894D /* Base */ = {isa = PBXFileReference; lastKnownFileType = file.storyboard; name = Base; path = Base.lproj/LaunchScreen.storyboard; sourceTree = "<group>"; };
		E3B0B27A21FBDE9800C6894D /* Info.plist */ = {isa = PBXFileReference; lastKnownFileType = text.plist.xml; path = Info.plist; sourceTree = "<group>"; };
		E3B0B27F21FBDE9800C6894D /* Tasks Core DataTests.xctest */ = {isa = PBXFileReference; explicitFileType = wrapper.cfbundle; includeInIndex = 0; path = "Tasks Core DataTests.xctest"; sourceTree = BUILT_PRODUCTS_DIR; };
		E3B0B28321FBDE9800C6894D /* Tasks_Core_DataTests.swift */ = {isa = PBXFileReference; lastKnownFileType = sourcecode.swift; path = Tasks_Core_DataTests.swift; sourceTree = "<group>"; };
		E3B0B28521FBDE9800C6894D /* Info.plist */ = {isa = PBXFileReference; lastKnownFileType = text.plist.xml; path = Info.plist; sourceTree = "<group>"; };
		E3B0B28A21FBDE9800C6894D /* Tasks Core DataUITests.xctest */ = {isa = PBXFileReference; explicitFileType = wrapper.cfbundle; includeInIndex = 0; path = "Tasks Core DataUITests.xctest"; sourceTree = BUILT_PRODUCTS_DIR; };
		E3B0B28E21FBDE9800C6894D /* Tasks_Core_DataUITests.swift */ = {isa = PBXFileReference; lastKnownFileType = sourcecode.swift; path = Tasks_Core_DataUITests.swift; sourceTree = "<group>"; };
		E3B0B29021FBDE9800C6894D /* Info.plist */ = {isa = PBXFileReference; lastKnownFileType = text.plist.xml; path = Info.plist; sourceTree = "<group>"; };
/* End PBXFileReference section */

/* Begin PBXFrameworksBuildPhase section */
		E3B0B26521FBDE9500C6894D /* Frameworks */ = {
			isa = PBXFrameworksBuildPhase;
			buildActionMask = 2147483647;
			files = (
			);
			runOnlyForDeploymentPostprocessing = 0;
		};
		E3B0B27C21FBDE9800C6894D /* Frameworks */ = {
			isa = PBXFrameworksBuildPhase;
			buildActionMask = 2147483647;
			files = (
			);
			runOnlyForDeploymentPostprocessing = 0;
		};
		E3B0B28721FBDE9800C6894D /* Frameworks */ = {
			isa = PBXFrameworksBuildPhase;
			buildActionMask = 2147483647;
			files = (
			);
			runOnlyForDeploymentPostprocessing = 0;
		};
/* End PBXFrameworksBuildPhase section */

/* Begin PBXGroup section */
		E3B0B25F21FBDE9500C6894D = {
			isa = PBXGroup;
			children = (
				E3B0B26A21FBDE9500C6894D /* Tasks Core Data */,
				E3B0B28221FBDE9800C6894D /* Tasks Core DataTests */,
				E3B0B28D21FBDE9800C6894D /* Tasks Core DataUITests */,
				E3B0B26921FBDE9500C6894D /* Products */,
			);
			sourceTree = "<group>";
		};
		E3B0B26921FBDE9500C6894D /* Products */ = {
			isa = PBXGroup;
			children = (
				E3B0B26821FBDE9500C6894D /* Tasks Core Data.app */,
				E3B0B27F21FBDE9800C6894D /* Tasks Core DataTests.xctest */,
				E3B0B28A21FBDE9800C6894D /* Tasks Core DataUITests.xctest */,
			);
			name = Products;
			sourceTree = "<group>";
		};
		E3B0B26A21FBDE9500C6894D /* Tasks Core Data */ = {
			isa = PBXGroup;
			children = (
				E3B0B26B21FBDE9500C6894D /* AppDelegate.swift */,
				E3B0B26D21FBDE9500C6894D /* ViewController.swift */,
				E3B0B26F21FBDE9500C6894D /* Main.storyboard */,
				E3B0B27521FBDE9800C6894D /* Assets.xcassets */,
				E3B0B27721FBDE9800C6894D /* LaunchScreen.storyboard */,
				E3B0B27A21FBDE9800C6894D /* Info.plist */,
				E3B0B27221FBDE9500C6894D /* Tasks_Core_Data.xcdatamodeld */,
			);
			path = "Tasks Core Data";
			sourceTree = "<group>";
		};
		E3B0B28221FBDE9800C6894D /* Tasks Core DataTests */ = {
			isa = PBXGroup;
			children = (
				E3B0B28321FBDE9800C6894D /* Tasks_Core_DataTests.swift */,
				E3B0B28521FBDE9800C6894D /* Info.plist */,
			);
			path = "Tasks Core DataTests";
			sourceTree = "<group>";
		};
		E3B0B28D21FBDE9800C6894D /* Tasks Core DataUITests */ = {
			isa = PBXGroup;
			children = (
				E3B0B28E21FBDE9800C6894D /* Tasks_Core_DataUITests.swift */,
				E3B0B29021FBDE9800C6894D /* Info.plist */,
			);
			path = "Tasks Core DataUITests";
			sourceTree = "<group>";
		};
/* End PBXGroup section */

/* Begin PBXNativeTarget section */
		E3B0B26721FBDE9500C6894D /* Tasks Core Data */ = {
			isa = PBXNativeTarget;
			buildConfigurationList = E3B0B29321FBDE9800C6894D /* Build configuration list for PBXNativeTarget "Tasks Core Data" */;
			buildPhases = (
				E3B0B26421FBDE9500C6894D /* Sources */,
				E3B0B26521FBDE9500C6894D /* Frameworks */,
				E3B0B26621FBDE9500C6894D /* Resources */,
			);
			buildRules = (
			);
			dependencies = (
			);
			name = "Tasks Core Data";
			productName = "Tasks Core Data";
			productReference = E3B0B26821FBDE9500C6894D /* Tasks Core Data.app */;
			productType = "com.apple.product-type.application";
		};
		E3B0B27E21FBDE9800C6894D /* Tasks Core DataTests */ = {
			isa = PBXNativeTarget;
			buildConfigurationList = E3B0B29621FBDE9800C6894D /* Build configuration list for PBXNativeTarget "Tasks Core DataTests" */;
			buildPhases = (
				E3B0B27B21FBDE9800C6894D /* Sources */,
				E3B0B27C21FBDE9800C6894D /* Frameworks */,
				E3B0B27D21FBDE9800C6894D /* Resources */,
			);
			buildRules = (
			);
			dependencies = (
				E3B0B28121FBDE9800C6894D /* PBXTargetDependency */,
			);
			name = "Tasks Core DataTests";
			productName = "Tasks Core DataTests";
			productReference = E3B0B27F21FBDE9800C6894D /* Tasks Core DataTests.xctest */;
			productType = "com.apple.product-type.bundle.unit-test";
		};
		E3B0B28921FBDE9800C6894D /* Tasks Core DataUITests */ = {
			isa = PBXNativeTarget;
			buildConfigurationList = E3B0B29921FBDE9800C6894D /* Build configuration list for PBXNativeTarget "Tasks Core DataUITests" */;
			buildPhases = (
				E3B0B28621FBDE9800C6894D /* Sources */,
				E3B0B28721FBDE9800C6894D /* Frameworks */,
				E3B0B28821FBDE9800C6894D /* Resources */,
			);
			buildRules = (
			);
			dependencies = (
				E3B0B28C21FBDE9800C6894D /* PBXTargetDependency */,
			);
			name = "Tasks Core DataUITests";
			productName = "Tasks Core DataUITests";
			productReference = E3B0B28A21FBDE9800C6894D /* Tasks Core DataUITests.xctest */;
			productType = "com.apple.product-type.bundle.ui-testing";
		};
/* End PBXNativeTarget section */

/* Begin PBXProject section */
		E3B0B26021FBDE9500C6894D /* Project object */ = {
			isa = PBXProject;
			attributes = {
				LastSwiftUpdateCheck = 1010;
				LastUpgradeCheck = 1010;
				ORGANIZATIONNAME = "José Gil Ramírez S";
				TargetAttributes = {
					E3B0B26721FBDE9500C6894D = {
						CreatedOnToolsVersion = 10.1;
					};
					E3B0B27E21FBDE9800C6894D = {
						CreatedOnToolsVersion = 10.1;
						TestTargetID = E3B0B26721FBDE9500C6894D;
					};
					E3B0B28921FBDE9800C6894D = {
						CreatedOnToolsVersion = 10.1;
						TestTargetID = E3B0B26721FBDE9500C6894D;
					};
				};
			};
			buildConfigurationList = E3B0B26321FBDE9500C6894D /* Build configuration list for PBXProject "Tasks Core Data" */;
			compatibilityVersion = "Xcode 9.3";
			developmentRegion = en;
			hasScannedForEncodings = 0;
			knownRegions = (
				en,
				Base,
			);
			mainGroup = E3B0B25F21FBDE9500C6894D;
			productRefGroup = E3B0B26921FBDE9500C6894D /* Products */;
			projectDirPath = "";
			projectRoot = "";
			targets = (
				E3B0B26721FBDE9500C6894D /* Tasks Core Data */,
				E3B0B27E21FBDE9800C6894D /* Tasks Core DataTests */,
				E3B0B28921FBDE9800C6894D /* Tasks Core DataUITests */,
			);
		};
/* End PBXProject section */

/* Begin PBXResourcesBuildPhase section */
		E3B0B26621FBDE9500C6894D /* Resources */ = {
			isa = PBXResourcesBuildPhase;
			buildActionMask = 2147483647;
			files = (
				E3B0B27921FBDE9800C6894D /* LaunchScreen.storyboard in Resources */,
				E3B0B27621FBDE9800C6894D /* Assets.xcassets in Resources */,
				E3B0B27121FBDE9500C6894D /* Main.storyboard in Resources */,
			);
			runOnlyForDeploymentPostprocessing = 0;
		};
		E3B0B27D21FBDE9800C6894D /* Resources */ = {
			isa = PBXResourcesBuildPhase;
			buildActionMask = 2147483647;
			files = (
			);
			runOnlyForDeploymentPostprocessing = 0;
		};
		E3B0B28821FBDE9800C6894D /* Resources */ = {
			isa = PBXResourcesBuildPhase;
			buildActionMask = 2147483647;
			files = (
			);
			runOnlyForDeploymentPostprocessing = 0;
		};
/* End PBXResourcesBuildPhase section */

/* Begin PBXSourcesBuildPhase section */
		E3B0B26421FBDE9500C6894D /* Sources */ = {
			isa = PBXSourcesBuildPhase;
			buildActionMask = 2147483647;
			files = (
				E3B0B27421FBDE9500C6894D /* Tasks_Core_Data.xcdatamodeld in Sources */,
				E3B0B26E21FBDE9500C6894D /* ViewController.swift in Sources */,
				E3B0B26C21FBDE9500C6894D /* AppDelegate.swift in Sources */,
			);
			runOnlyForDeploymentPostprocessing = 0;
		};
		E3B0B27B21FBDE9800C6894D /* Sources */ = {
			isa = PBXSourcesBuildPhase;
			buildActionMask = 2147483647;
			files = (
				E3B0B28421FBDE9800C6894D /* Tasks_Core_DataTests.swift in Sources */,
			);
			runOnlyForDeploymentPostprocessing = 0;
		};
		E3B0B28621FBDE9800C6894D /* Sources */ = {
			isa = PBXSourcesBuildPhase;
			buildActionMask = 2147483647;
			files = (
				E3B0B28F21FBDE9800C6894D /* Tasks_Core_DataUITests.swift in Sources */,
			);
			runOnlyForDeploymentPostprocessing = 0;
		};
/* End PBXSourcesBuildPhase section */

/* Begin PBXTargetDependency section */
		E3B0B28121FBDE9800C6894D /* PBXTargetDependency */ = {
			isa = PBXTargetDependency;
			target = E3B0B26721FBDE9500C6894D /* Tasks Core Data */;
			targetProxy = E3B0B28021FBDE9800C6894D /* PBXContainerItemProxy */;
		};
		E3B0B28C21FBDE9800C6894D /* PBXTargetDependency */ = {
			isa = PBXTargetDependency;
			target = E3B0B26721FBDE9500C6894D /* Tasks Core Data */;
			targetProxy = E3B0B28B21FBDE9800C6894D /* PBXContainerItemProxy */;
		};
/* End PBXTargetDependency section */

/* Begin PBXVariantGroup section */
		E3B0B26F21FBDE9500C6894D /* Main.storyboard */ = {
			isa = PBXVariantGroup;
			children = (
				E3B0B27021FBDE9500C6894D /* Base */,
			);
			name = Main.storyboard;
			sourceTree = "<group>";
		};
		E3B0B27721FBDE9800C6894D /* LaunchScreen.storyboard */ = {
			isa = PBXVariantGroup;
			children = (
				E3B0B27821FBDE9800C6894D /* Base */,
			);
			name = LaunchScreen.storyboard;
			sourceTree = "<group>";
		};
/* End PBXVariantGroup section */

/* Begin XCBuildConfiguration section */
		E3B0B29121FBDE9800C6894D /* Debug */ = {
			isa = XCBuildConfiguration;
			buildSettings = {
				ALWAYS_SEARCH_USER_PATHS = NO;
				CLANG_ANALYZER_NONNULL = YES;
				CLANG_ANALYZER_NUMBER_OBJECT_CONVERSION = YES_AGGRESSIVE;
				CLANG_CXX_LANGUAGE_STANDARD = "gnu++14";
				CLANG_CXX_LIBRARY = "libc++";
				CLANG_ENABLE_MODULES = YES;
				CLANG_ENABLE_OBJC_ARC = YES;
				CLANG_ENABLE_OBJC_WEAK = YES;
				CLANG_WARN_BLOCK_CAPTURE_AUTORELEASING = YES;
				CLANG_WARN_BOOL_CONVERSION = YES;
				CLANG_WARN_COMMA = YES;
				CLANG_WARN_CONSTANT_CONVERSION = YES;
				CLANG_WARN_DEPRECATED_OBJC_IMPLEMENTATIONS = YES;
				CLANG_WARN_DIRECT_OBJC_ISA_USAGE = YES_ERROR;
				CLANG_WARN_DOCUMENTATION_COMMENTS = YES;
				CLANG_WARN_EMPTY_BODY = YES;
				CLANG_WARN_ENUM_CONVERSION = YES;
				CLANG_WARN_INFINITE_RECURSION = YES;
				CLANG_WARN_INT_CONVERSION = YES;
				CLANG_WARN_NON_LITERAL_NULL_CONVERSION = YES;
				CLANG_WARN_OBJC_IMPLICIT_RETAIN_SELF = YES;
				CLANG_WARN_OBJC_LITERAL_CONVERSION = YES;
				CLANG_WARN_OBJC_ROOT_CLASS = YES_ERROR;
				CLANG_WARN_RANGE_LOOP_ANALYSIS = YES;
				CLANG_WARN_STRICT_PROTOTYPES = YES;
				CLANG_WARN_SUSPICIOUS_MOVE = YES;
				CLANG_WARN_UNGUARDED_AVAILABILITY = YES_AGGRESSIVE;
				CLANG_WARN_UNREACHABLE_CODE = YES;
				CLANG_WARN__DUPLICATE_METHOD_MATCH = YES;
				CODE_SIGN_IDENTITY = "iPhone Developer";
				COPY_PHASE_STRIP = NO;
				DEBUG_INFORMATION_FORMAT = dwarf;
				ENABLE_STRICT_OBJC_MSGSEND = YES;
				ENABLE_TESTABILITY = YES;
				GCC_C_LANGUAGE_STANDARD = gnu11;
				GCC_DYNAMIC_NO_PIC = NO;
				GCC_NO_COMMON_BLOCKS = YES;
				GCC_OPTIMIZATION_LEVEL = 0;
				GCC_PREPROCESSOR_DEFINITIONS = (
					"DEBUG=1",
					"$(inherited)",
				);
				GCC_WARN_64_TO_32_BIT_CONVERSION = YES;
				GCC_WARN_ABOUT_RETURN_TYPE = YES_ERROR;
				GCC_WARN_UNDECLARED_SELECTOR = YES;
				GCC_WARN_UNINITIALIZED_AUTOS = YES_AGGRESSIVE;
				GCC_WARN_UNUSED_FUNCTION = YES;
				GCC_WARN_UNUSED_VARIABLE = YES;
				IPHONEOS_DEPLOYMENT_TARGET = 12.1;
				MTL_ENABLE_DEBUG_INFO = INCLUDE_SOURCE;
				MTL_FAST_MATH = YES;
				ONLY_ACTIVE_ARCH = YES;
				SDKROOT = iphoneos;
				SWIFT_ACTIVE_COMPILATION_CONDITIONS = DEBUG;
				SWIFT_OPTIMIZATION_LEVEL = "-Onone";
			};
			name = Debug;
		};
		E3B0B29221FBDE9800C6894D /* Release */ = {
			isa = XCBuildConfiguration;
			buildSettings = {
				ALWAYS_SEARCH_USER_PATHS = NO;
				CLANG_ANALYZER_NONNULL = YES;
				CLANG_ANALYZER_NUMBER_OBJECT_CONVERSION = YES_AGGRESSIVE;
				CLANG_CXX_LANGUAGE_STANDARD = "gnu++14";
				CLANG_CXX_LIBRARY = "libc++";
				CLANG_ENABLE_MODULES = YES;
				CLANG_ENABLE_OBJC_ARC = YES;
				CLANG_ENABLE_OBJC_WEAK = YES;
				CLANG_WARN_BLOCK_CAPTURE_AUTORELEASING = YES;
				CLANG_WARN_BOOL_CONVERSION = YES;
				CLANG_WARN_COMMA = YES;
				CLANG_WARN_CONSTANT_CONVERSION = YES;
				CLANG_WARN_DEPRECATED_OBJC_IMPLEMENTATIONS = YES;
				CLANG_WARN_DIRECT_OBJC_ISA_USAGE = YES_ERROR;
				CLANG_WARN_DOCUMENTATION_COMMENTS = YES;
				CLANG_WARN_EMPTY_BODY = YES;
				CLANG_WARN_ENUM_CONVERSION = YES;
				CLANG_WARN_INFINITE_RECURSION = YES;
				CLANG_WARN_INT_CONVERSION = YES;
				CLANG_WARN_NON_LITERAL_NULL_CONVERSION = YES;
				CLANG_WARN_OBJC_IMPLICIT_RETAIN_SELF = YES;
				CLANG_WARN_OBJC_LITERAL_CONVERSION = YES;
				CLANG_WARN_OBJC_ROOT_CLASS = YES_ERROR;
				CLANG_WARN_RANGE_LOOP_ANALYSIS = YES;
				CLANG_WARN_STRICT_PROTOTYPES = YES;
				CLANG_WARN_SUSPICIOUS_MOVE = YES;
				CLANG_WARN_UNGUARDED_AVAILABILITY = YES_AGGRESSIVE;
				CLANG_WARN_UNREACHABLE_CODE = YES;
				CLANG_WARN__DUPLICATE_METHOD_MATCH = YES;
				CODE_SIGN_IDENTITY = "iPhone Developer";
				COPY_PHASE_STRIP = NO;
				DEBUG_INFORMATION_FORMAT = "dwarf-with-dsym";
				ENABLE_NS_ASSERTIONS = NO;
				ENABLE_STRICT_OBJC_MSGSEND = YES;
				GCC_C_LANGUAGE_STANDARD = gnu11;
				GCC_NO_COMMON_BLOCKS = YES;
				GCC_WARN_64_TO_32_BIT_CONVERSION = YES;
				GCC_WARN_ABOUT_RETURN_TYPE = YES_ERROR;
				GCC_WARN_UNDECLARED_SELECTOR = YES;
				GCC_WARN_UNINITIALIZED_AUTOS = YES_AGGRESSIVE;
				GCC_WARN_UNUSED_FUNCTION = YES;
				GCC_WARN_UNUSED_VARIABLE = YES;
				IPHONEOS_DEPLOYMENT_TARGET = 12.1;
				MTL_ENABLE_DEBUG_INFO = NO;
				MTL_FAST_MATH = YES;
				SDKROOT = iphoneos;
				SWIFT_COMPILATION_MODE = wholemodule;
				SWIFT_OPTIMIZATION_LEVEL = "-O";
				VALIDATE_PRODUCT = YES;
			};
			name = Release;
		};
		E3B0B29421FBDE9800C6894D /* Debug */ = {
			isa = XCBuildConfiguration;
			buildSettings = {
				ASSETCATALOG_COMPILER_APPICON_NAME = AppIcon;
				CODE_SIGN_STYLE = Automatic;
				DEVELOPMENT_TEAM = 33XT65NHTV;
				INFOPLIST_FILE = "Tasks Core Data/Info.plist";
				LD_RUNPATH_SEARCH_PATHS = (
					"$(inherited)",
					"@executable_path/Frameworks",
				);
				PRODUCT_BUNDLE_IDENTIFIER = "com.giliOS.Tasks-Core-Data";
				PRODUCT_NAME = "$(TARGET_NAME)";
				SWIFT_VERSION = 4.2;
				TARGETED_DEVICE_FAMILY = "1,2";
			};
			name = Debug;
		};
		E3B0B29521FBDE9800C6894D /* Release */ = {
			isa = XCBuildConfiguration;
			buildSettings = {
				ASSETCATALOG_COMPILER_APPICON_NAME = AppIcon;
				CODE_SIGN_STYLE = Automatic;
				DEVELOPMENT_TEAM = 33XT65NHTV;
				INFOPLIST_FILE = "Tasks Core Data/Info.plist";
				LD_RUNPATH_SEARCH_PATHS = (
					"$(inherited)",
					"@executable_path/Frameworks",
				);
				PRODUCT_BUNDLE_IDENTIFIER = "com.giliOS.Tasks-Core-Data";
				PRODUCT_NAME = "$(TARGET_NAME)";
				SWIFT_VERSION = 4.2;
				TARGETED_DEVICE_FAMILY = "1,2";
			};
			name = Release;
		};
		E3B0B29721FBDE9800C6894D /* Debug */ = {
			isa = XCBuildConfiguration;
			buildSettings = {
				ALWAYS_EMBED_SWIFT_STANDARD_LIBRARIES = YES;
				BUNDLE_LOADER = "$(TEST_HOST)";
				CODE_SIGN_STYLE = Automatic;
				DEVELOPMENT_TEAM = 33XT65NHTV;
				INFOPLIST_FILE = "Tasks Core DataTests/Info.plist";
				LD_RUNPATH_SEARCH_PATHS = (
					"$(inherited)",
					"@executable_path/Frameworks",
					"@loader_path/Frameworks",
				);
				PRODUCT_BUNDLE_IDENTIFIER = "com.giliOS.Tasks-Core-DataTests";
				PRODUCT_NAME = "$(TARGET_NAME)";
				SWIFT_VERSION = 4.2;
				TARGETED_DEVICE_FAMILY = "1,2";
				TEST_HOST = "$(BUILT_PRODUCTS_DIR)/Tasks Core Data.app/Tasks Core Data";
			};
			name = Debug;
		};
		E3B0B29821FBDE9800C6894D /* Release */ = {
			isa = XCBuildConfiguration;
			buildSettings = {
				ALWAYS_EMBED_SWIFT_STANDARD_LIBRARIES = YES;
				BUNDLE_LOADER = "$(TEST_HOST)";
				CODE_SIGN_STYLE = Automatic;
				DEVELOPMENT_TEAM = 33XT65NHTV;
				INFOPLIST_FILE = "Tasks Core DataTests/Info.plist";
				LD_RUNPATH_SEARCH_PATHS = (
					"$(inherited)",
					"@executable_path/Frameworks",
					"@loader_path/Frameworks",
				);
				PRODUCT_BUNDLE_IDENTIFIER = "com.giliOS.Tasks-Core-DataTests";
				PRODUCT_NAME = "$(TARGET_NAME)";
				SWIFT_VERSION = 4.2;
				TARGETED_DEVICE_FAMILY = "1,2";
				TEST_HOST = "$(BUILT_PRODUCTS_DIR)/Tasks Core Data.app/Tasks Core Data";
			};
			name = Release;
		};
		E3B0B29A21FBDE9800C6894D /* Debug */ = {
			isa = XCBuildConfiguration;
			buildSettings = {
				ALWAYS_EMBED_SWIFT_STANDARD_LIBRARIES = YES;
				CODE_SIGN_STYLE = Automatic;
				DEVELOPMENT_TEAM = 33XT65NHTV;
				INFOPLIST_FILE = "Tasks Core DataUITests/Info.plist";
				LD_RUNPATH_SEARCH_PATHS = (
					"$(inherited)",
					"@executable_path/Frameworks",
					"@loader_path/Frameworks",
				);
				PRODUCT_BUNDLE_IDENTIFIER = "com.giliOS.Tasks-Core-DataUITests";
				PRODUCT_NAME = "$(TARGET_NAME)";
				SWIFT_VERSION = 4.2;
				TARGETED_DEVICE_FAMILY = "1,2";
				TEST_TARGET_NAME = "Tasks Core Data";
			};
			name = Debug;
		};
		E3B0B29B21FBDE9800C6894D /* Release */ = {
			isa = XCBuildConfiguration;
			buildSettings = {
				ALWAYS_EMBED_SWIFT_STANDARD_LIBRARIES = YES;
				CODE_SIGN_STYLE = Automatic;
				DEVELOPMENT_TEAM = 33XT65NHTV;
				INFOPLIST_FILE = "Tasks Core DataUITests/Info.plist";
				LD_RUNPATH_SEARCH_PATHS = (
					"$(inherited)",
					"@executable_path/Frameworks",
					"@loader_path/Frameworks",
				);
				PRODUCT_BUNDLE_IDENTIFIER = "com.giliOS.Tasks-Core-DataUITests";
				PRODUCT_NAME = "$(TARGET_NAME)";
				SWIFT_VERSION = 4.2;
				TARGETED_DEVICE_FAMILY = "1,2";
				TEST_TARGET_NAME = "Tasks Core Data";
			};
			name = Release;
		};
/* End XCBuildConfiguration section */

/* Begin XCConfigurationList section */
		E3B0B26321FBDE9500C6894D /* Build configuration list for PBXProject "Tasks Core Data" */ = {
			isa = XCConfigurationList;
			buildConfigurations = (
				E3B0B29121FBDE9800C6894D /* Debug */,
				E3B0B29221FBDE9800C6894D /* Release */,
			);
			defaultConfigurationIsVisible = 0;
			defaultConfigurationName = Release;
		};
		E3B0B29321FBDE9800C6894D /* Build configuration list for PBXNativeTarget "Tasks Core Data" */ = {
			isa = XCConfigurationList;
			buildConfigurations = (
				E3B0B29421FBDE9800C6894D /* Debug */,
				E3B0B29521FBDE9800C6894D /* Release */,
			);
			defaultConfigurationIsVisible = 0;
			defaultConfigurationName = Release;
		};
		E3B0B29621FBDE9800C6894D /* Build configuration list for PBXNativeTarget "Tasks Core DataTests" */ = {
			isa = XCConfigurationList;
			buildConfigurations = (
				E3B0B29721FBDE9800C6894D /* Debug */,
				E3B0B29821FBDE9800C6894D /* Release */,
			);
			defaultConfigurationIsVisible = 0;
			defaultConfigurationName = Release;
		};
		E3B0B29921FBDE9800C6894D /* Build configuration list for PBXNativeTarget "Tasks Core DataUITests" */ = {
			isa = XCConfigurationList;
			buildConfigurations = (
				E3B0B29A21FBDE9800C6894D /* Debug */,
				E3B0B29B21FBDE9800C6894D /* Release */,
			);
			defaultConfigurationIsVisible = 0;
			defaultConfigurationName = Release;
		};
/* End XCConfigurationList section */

/* Begin XCVersionGroup section */
		E3B0B27221FBDE9500C6894D /* Tasks_Core_Data.xcdatamodeld */ = {
			isa = XCVersionGroup;
			children = (
				E3B0B27321FBDE9500C6894D /* Tasks_Core_Data.xcdatamodel */,
			);
			currentVersion = E3B0B27321FBDE9500C6894D /* Tasks_Core_Data.xcdatamodel */;
			path = Tasks_Core_Data.xcdatamodeld;
			sourceTree = "<group>";
			versionGroupType = wrapper.xcdatamodel;
		};
/* End XCVersionGroup section */
	};
	rootObject = E3B0B26021FBDE9500C6894D /* Project object */;
}
